{
 "name": "demo",
 "lockfileVersion": 3,
 "requires": true,
 "packages": {
  "": {
   "dependencies": {
    "kireji": "latest"
   }
  },
  "node_modules/kireji": {
   "version": "0.3.1",
   "resolved": "https://registry.npmjs.org/kireji/-/kireji-0.3.1.tgz",
   "integrity": "sha512-Rq4J/HPhdyD619Gu+wwFZqSOH47VOHWn7YB0qnJ0XMiotesJ+LRuE2Ziz8a2kCbYOJSwFJ6ujI97IlFyOPwdRQ==",
   "license": "MIT",
   "bin": {
    "kireji": "src/build.js"
   }
  }
 }
}
