{
  "name": "demo",
  "lockfileVersion": 3,
  "requires": true,
  "packages": {
    "": {
      "dependencies": {
        "kireji": "^0.9.0"
      }
    },
    "node_modules/kireji": {
      "version": "0.9.0",
      "resolved": "https://registry.npmjs.org/kireji/-/kireji-0.9.0.tgz",
      "integrity": "sha512-RQjpwKtYhNY99qkK6QcBWaJgrbdUcC2rFELOTeeb9r1jTbI0Yx02FG34Oi++AJwr4rf71oU13L3KdiWC6UvSIA==",
      "license": "MIT",
      "bin": {
        "kireji": "src/build.js"
      }
    }
  }
}
