{
  "name": "demo",
  "lockfileVersion": 3,
  "requires": true,
  "packages": {
    "": {
      "dependencies": {
        "kireji": "^0.12.0"
      },
      "devDependencies": {
        "@webgpu/types": "^0.1.70"
      }
    },
    "node_modules/@webgpu/types": {
      "version": "0.1.70",
      "resolved": "https://registry.npmjs.org/@webgpu/types/-/types-0.1.70.tgz",
      "integrity": "sha512-LFiNHHKMvmAEvwVew3JLJmTdShhbdwRFSImUshGhE2mGE8ybQzIo63l5uRp+YKnNx+8Qno8Kf6gN+DKMreIJCA==",
      "dev": true,
      "license": "BSD-3-Clause"
    },
    "node_modules/kireji": {
      "version": "0.12.0",
      "resolved": "https://registry.npmjs.org/kireji/-/kireji-0.12.0.tgz",
      "integrity": "sha512-RlA3F8JzPWsWHbk1za9sIHamSa73EWUCA1v7+sDno6wN2mPRIlWkw4n92cGK8y1B984kKriG81Z40S1NqO0o+A==",
      "license": "MIT",
      "bin": {
        "kireji": "src/build.js"
      }
    }
  }
}
